<?xml version="1.0" encoding="utf-8"?>
<Project ToolsVersion="4.0" xmlns="http://schemas.microsoft.com/developer/msbuild/2003">
  <ItemGroup>
    <Filter Include="소스 파일">
      <UniqueIdentifier>{4FC737F1-C7A5-4376-A066-2A32D752A2FF}</UniqueIdentifier>
      <Extensions>cpp;c;cc;cxx;c++;cppm;ixx;def;odl;idl;hpj;bat;asm;asmx</Extensions>
    </Filter>
    <Filter Include="헤더 파일">
      <UniqueIdentifier>{93995380-89BD-4b04-88EB-625FBE52EBFB}</UniqueIdentifier>
      <Extensions>h;hh;hpp;hxx;h++;hm;inl;inc;ipp;xsd</Extensions>
    </Filter>
    <Filter Include="리소스 파일">
      <UniqueIdentifier>{67DA6AB6-F800-4c08-8B7A-83BB121AAD01}</UniqueIdentifier>
      <Extensions>rc;ico;cur;bmp;dlg;rc2;rct;bin;rgs;gif;jpg;jpeg;jpe;resx;tiff;tif;png;wav;mfcribbon-ms</Extensions>
    </Filter>
    <Filter Include="헤더 파일\Dummy">
      <UniqueIdentifier>{1e2a33d2-c04c-491b-91a0-0d911f712140}</UniqueIdentifier>
    </Filter>
    <Filter Include="PCH">
      <UniqueIdentifier>{5dbed6da-d971-4f5b-8775-ecfcda0fdd2a}</UniqueIdentifier>
    </Filter>
    <Filter Include="Common">
      <UniqueIdentifier>{abae44c3-9c68-4cd7-8146-d5780f6b97a9}</UniqueIdentifier>
    </Filter>
    <Filter Include="Script">
      <UniqueIdentifier>{6cf3e7f1-b3f5-4ea4-8b73-2d27a96f6366}</UniqueIdentifier>
    </Filter>
    <Filter Include="Script\Object">
      <UniqueIdentifier>{b2925dd5-ec23-4ed3-a3c6-908ccd36d9ba}</UniqueIdentifier>
    </Filter>
    <Filter Include="Script\Object\Billboard">
      <UniqueIdentifier>{5b5d8b5c-8fac-4d5d-b41f-581b44b2791f}</UniqueIdentifier>
    </Filter>
    <Filter Include="Script\Player">
      <UniqueIdentifier>{3e65203b-4102-494b-b5c5-4710b62de873}</UniqueIdentifier>
    </Filter>
    <Filter Include="Common\Component">
      <UniqueIdentifier>{8a4481ad-56d6-4d33-ab6e-25e2d535a8b7}</UniqueIdentifier>
    </Filter>
    <Filter Include="Script\Enemy">
      <UniqueIdentifier>{7805d217-2134-408e-8e6c-c771ed0e7d61}</UniqueIdentifier>
    </Filter>
    <Filter Include="Script\Manager">
      <UniqueIdentifier>{fe5f51ad-398a-47a2-aa2c-865017a90c96}</UniqueIdentifier>
    </Filter>
    <Filter Include="Script\Weapon">
      <UniqueIdentifier>{b20bf65b-e92a-4c4c-9b3e-a1d70735dffb}</UniqueIdentifier>
    </Filter>
    <Filter Include="Script\Enemy\AI">
      <UniqueIdentifier>{ba51f2f7-18cd-4bc9-bb37-a134fd3acdbd}</UniqueIdentifier>
    </Filter>
    <Filter Include="Script\Enemy\AI\BehaviorTree">
      <UniqueIdentifier>{e889f05a-6440-4ea6-ab3f-9605e8419e0e}</UniqueIdentifier>
    </Filter>
    <Filter Include="Script\Enemy\AI\Task">
      <UniqueIdentifier>{3f29a8d7-c78c-4eed-a599-76cdd6bf723f}</UniqueIdentifier>
    </Filter>
    <Filter Include="Script\Enemy\Object">
      <UniqueIdentifier>{c005f32c-5d45-47ec-ada1-ce1293b5c26b}</UniqueIdentifier>
    </Filter>
    <Filter Include="Script\Abilities">
      <UniqueIdentifier>{0ba08c84-1070-4d6d-9fc7-59fe643a2ef7}</UniqueIdentifier>
    </Filter>
    <Filter Include="ClientNetwork">
      <UniqueIdentifier>{a170510f-02b6-4085-b693-108da1ac8b34}</UniqueIdentifier>
    </Filter>
    <Filter Include="ClientNetwork\Network">
      <UniqueIdentifier>{6072e41a-5823-46bc-ae16-5dbfde238b28}</UniqueIdentifier>
    </Filter>
    <Filter Include="ClientNetwork\NetworkScript">
      <UniqueIdentifier>{9f81564c-0791-487c-9d95-7ff6ee555843}</UniqueIdentifier>
    </Filter>
    <Filter Include="ClientNetwork\bat">
      <UniqueIdentifier>{0797efe0-dbc5-42df-88d2-70252c436d6c}</UniqueIdentifier>
    </Filter>
    <Filter Include="ClientNetwork\Contents">
      <UniqueIdentifier>{1bfc329a-7d00-4276-bd6c-b06c3b293aaf}</UniqueIdentifier>
    </Filter>
    <Filter Include="ClientNetwork\Packet">
      <UniqueIdentifier>{ac4feb10-a732-4dde-8d5a-3474b17ab9e3}</UniqueIdentifier>
    </Filter>
  </ItemGroup>
  <ItemGroup>
    <ResourceCompile Include="X-MACHINA.rc">
      <Filter>리소스 파일</Filter>
    </ResourceCompile>
  </ItemGroup>
  <ItemGroup>
    <Image Include="small.ico">
      <Filter>리소스 파일</Filter>
    </Image>
    <Image Include="X-MACHINA.ico">
      <Filter>리소스 파일</Filter>
    </Image>
  </ItemGroup>
  <ItemGroup>
    <ClInclude Include="include\framework.h">
      <Filter>헤더 파일\Dummy</Filter>
    </ClInclude>
    <ClInclude Include="include\targetver.h">
      <Filter>헤더 파일\Dummy</Filter>
    </ClInclude>
    <ClInclude Include="include\X-MACHINA.h">
      <Filter>헤더 파일\Dummy</Filter>
    </ClInclude>
    <ClInclude Include="include\Resource.h">
      <Filter>헤더 파일\Dummy</Filter>
    </ClInclude>
    <ClInclude Include="..\Common\SimpleMath.h">
      <Filter>Common</Filter>
    </ClInclude>
    <ClInclude Include="..\Common\Singleton.h">
      <Filter>Common</Filter>
    </ClInclude>
    <ClInclude Include="..\Common\Component\Camera.h">
      <Filter>Common\Component</Filter>
    </ClInclude>
    <ClInclude Include="..\Common\Component\Collider.h">
      <Filter>Common\Component</Filter>
    </ClInclude>
    <ClInclude Include="..\Common\Component\Component.h">
      <Filter>Common\Component</Filter>
    </ClInclude>
    <ClInclude Include="..\Common\Component\ParticleSystem.h">
      <Filter>Common\Component</Filter>
    </ClInclude>
    <ClInclude Include="..\Common\Component\Rigidbody.h">
      <Filter>Common\Component</Filter>
    </ClInclude>
    <ClInclude Include="..\Common\Component\Transform.h">
      <Filter>Common\Component</Filter>
    </ClInclude>
    <ClInclude Include="..\Common\Component\UI.h">
      <Filter>Common\Component</Filter>
    </ClInclude>
    <ClInclude Include="include\Script_Billboard.h">
      <Filter>헤더 파일</Filter>
    </ClInclude>
    <ClInclude Include="include\Script_Bullet.h">
      <Filter>헤더 파일</Filter>
    </ClInclude>
    <ClInclude Include="include\Script_Player.h">
      <Filter>헤더 파일</Filter>
    </ClInclude>
    <ClInclude Include="include\Script_Sprite.h">
      <Filter>헤더 파일</Filter>
    </ClInclude>
    <ClInclude Include="..\Common\Object.h">
      <Filter>Common</Filter>
    </ClInclude>
    <ClInclude Include="include\GameFramework.h">
      <Filter>헤더 파일</Filter>
    </ClInclude>
    <ClInclude Include="include\stdafx.h">
      <Filter>PCH</Filter>
    </ClInclude>
    <ClInclude Include="include\Script_Enemy.h">
      <Filter>헤더 파일</Filter>
    </ClInclude>
    <ClInclude Include="include\Script_GameManager.h">
      <Filter>헤더 파일</Filter>
    </ClInclude>
    <ClInclude Include="include\Script_GroundObject.h">
      <Filter>헤더 파일</Filter>
    </ClInclude>
    <ClInclude Include="include\Script_LiveObject.h">
      <Filter>헤더 파일</Filter>
    </ClInclude>
    <ClInclude Include="include\Script_Weapon.h">
      <Filter>헤더 파일</Filter>
    </ClInclude>
    <ClInclude Include="include\Script_AimController.h">
      <Filter>헤더 파일</Filter>
    </ClInclude>
    <ClInclude Include="include\Script_Weapon_Pistol.h">
      <Filter>헤더 파일</Filter>
    </ClInclude>
    <ClInclude Include="include\Script_Weapon_Rifle.h">
      <Filter>헤더 파일</Filter>
    </ClInclude>
    <ClInclude Include="include\Script_BehaviorTree.h">
      <Filter>헤더 파일</Filter>
    </ClInclude>
    <ClInclude Include="include\Script_MeleeBT.h">
      <Filter>헤더 파일</Filter>
    </ClInclude>
    <ClInclude Include="include\TaskPatrol.h">
      <Filter>헤더 파일</Filter>
    </ClInclude>
    <ClInclude Include="include\Script_EnemyManager.h">
      <Filter>헤더 파일</Filter>
    </ClInclude>
    <ClInclude Include="include\CheckDetectionRange.h">
      <Filter>헤더 파일</Filter>
    </ClInclude>
    <ClInclude Include="include\CheckAttackRange.h">
      <Filter>헤더 파일</Filter>
    </ClInclude>
    <ClInclude Include="include\TaskMoveToTarget.h">
      <Filter>헤더 파일</Filter>
    </ClInclude>
    <ClInclude Include="include\TaskAttack.h">
      <Filter>헤더 파일</Filter>
    </ClInclude>
    <ClInclude Include="include\TaskPathPlanningToTarget.h">
      <Filter>헤더 파일</Filter>
    </ClInclude>
    <ClInclude Include="include\TaskPathPlanningAStar.h">
      <Filter>헤더 파일</Filter>
    </ClInclude>
    <ClInclude Include="include\CheckPatrolRange.h">
      <Filter>헤더 파일</Filter>
    </ClInclude>
    <ClInclude Include="include\TaskPathPlanningToSpawn.h">
      <Filter>헤더 파일</Filter>
    </ClInclude>
    <ClInclude Include="include\TaskMoveToPath.h">
      <Filter>헤더 파일</Filter>
    </ClInclude>
    <ClInclude Include="include\Wait.h">
      <Filter>헤더 파일</Filter>
    </ClInclude>
    <ClInclude Include="include\CheckDeath.h">
      <Filter>헤더 파일</Filter>
    </ClInclude>
    <ClInclude Include="include\TaskGetHit.h">
      <Filter>헤더 파일</Filter>
    </ClInclude>
    <ClInclude Include="..\Common\DwordOverloader.h">
      <Filter>Common</Filter>
    </ClInclude>
    <ClInclude Include="include\Script_Weapon_Sniper.h">
      <Filter>헤더 파일</Filter>
    </ClInclude>
    <ClInclude Include="include\Script_Weapon_Shotgun.h">
      <Filter>헤더 파일</Filter>
    </ClInclude>
    <ClInclude Include="include\Script_Weapon_MissileLauncher.h">
      <Filter>헤더 파일</Filter>
    </ClInclude>
    <ClInclude Include="include\Script_MainCamera.h">
      <Filter>헤더 파일</Filter>
    </ClInclude>
    <ClInclude Include="ClientNetwork\Contents\Script_Network.h">
      <Filter>ClientNetwork\NetworkScript</Filter>
    </ClInclude>
    <ClInclude Include="ClientNetwork\Contents\Script_PlayerNetwork.h">
      <Filter>ClientNetwork\NetworkScript</Filter>
    </ClInclude>
    <ClInclude Include="ClientNetwork\Contents\ClientNetworkManager.h">
      <Filter>ClientNetwork\Network</Filter>
    </ClInclude>
    <ClInclude Include="ClientNetwork\Contents\NetworkEvents.h">
      <Filter>ClientNetwork\Network</Filter>
    </ClInclude>
    <ClInclude Include="ClientNetwork\Contents\ServerSession.h">
      <Filter>ClientNetwork\Network</Filter>
    </ClInclude>
    <ClInclude Include="ClientNetwork\Contents\GamePlayer.h">
      <Filter>ClientNetwork\Contents</Filter>
    </ClInclude>
    <ClInclude Include="ClientNetwork\Contents\FBsPacketFactory.h">
      <Filter>ClientNetwork\Packet</Filter>
    </ClInclude>
    <ClInclude Include="ClientNetwork\Contents\Script_RemotePlayer.h">
      <Filter>ClientNetwork\NetworkScript</Filter>
    </ClInclude>
    <ClInclude Include="include\Script_Missile.h">
      <Filter>헤더 파일</Filter>
    </ClInclude>
    <ClInclude Include="include\Script_Ursacetus.h">
      <Filter>헤더 파일</Filter>
    </ClInclude>
    <ClInclude Include="include\Script_AbilityHolder.h">
      <Filter>헤더 파일</Filter>
    </ClInclude>
    <ClInclude Include="include\ShieldAbility.h">
      <Filter>헤더 파일</Filter>
    </ClInclude>
    <ClInclude Include="include\IRDetectorAbility.h">
      <Filter>헤더 파일</Filter>
    </ClInclude>
    <ClInclude Include="..\Common\AbilityMgr.h">
      <Filter>Common</Filter>
    </ClInclude>
    <ClInclude Include="include\Script_Onyscidus.h">
      <Filter>헤더 파일</Filter>
    </ClInclude>
    <ClInclude Include="include\MinimapAbility.h">
      <Filter>헤더 파일</Filter>
    </ClInclude>
    <ClInclude Include="include\Script_AdvancedCombatDroid_5.h">
      <Filter>헤더 파일</Filter>
    </ClInclude>
    <ClInclude Include="include\Script_PheroObject.h">
      <Filter>헤더 파일</Filter>
    </ClInclude>
    <ClInclude Include="include\Script_Phero.h">
      <Filter>헤더 파일</Filter>
    </ClInclude>
  </ItemGroup>
  <ItemGroup>
    <ClCompile Include="src\X-MACHINA.cpp">
      <Filter>소스 파일</Filter>
    </ClCompile>
    <ClCompile Include="src\Script_GroundPlayer.cpp">
      <Filter>Script\Player</Filter>
    </ClCompile>
    <ClCompile Include="src\Script_Player.cpp">
      <Filter>Script\Player</Filter>
    </ClCompile>
    <ClCompile Include="src\Script_ShootingPlayer.cpp">
      <Filter>Script\Player</Filter>
    </ClCompile>
    <ClCompile Include="src\Script_Billboard.cpp">
      <Filter>Script\Object\Billboard</Filter>
    </ClCompile>
    <ClCompile Include="src\Script_Sprite.cpp">
      <Filter>Script\Object\Billboard</Filter>
    </ClCompile>
    <ClCompile Include="src\Script_Bullet.cpp">
      <Filter>Script\Object</Filter>
    </ClCompile>
    <ClCompile Include="src\Script_MainCamera.cpp">
      <Filter>Script\Object</Filter>
    </ClCompile>
    <ClCompile Include="src\GameFramework.cpp">
      <Filter>소스 파일</Filter>
    </ClCompile>
    <ClCompile Include="src\stdafx.cpp">
      <Filter>PCH</Filter>
    </ClCompile>
    <ClCompile Include="src\Script_GameManager.cpp">
      <Filter>Script\Manager</Filter>
    </ClCompile>
    <ClCompile Include="src\Script_LiveObject.cpp">
      <Filter>Script\Object</Filter>
    </ClCompile>
    <ClCompile Include="src\Script_GroundObject.cpp">
      <Filter>Script\Object</Filter>
    </ClCompile>
    <ClCompile Include="src\Script_Weapon.cpp">
      <Filter>Script\Object</Filter>
    </ClCompile>
    <ClCompile Include="src\Script_BehaviorTree.cpp">
      <Filter>Script\Enemy\AI\BehaviorTree</Filter>
    </ClCompile>
    <ClCompile Include="src\Script_MeleeBT.cpp">
      <Filter>Script\Enemy\AI\BehaviorTree</Filter>
    </ClCompile>
    <ClCompile Include="src\CheckDetectionRange.cpp">
      <Filter>Script\Enemy\AI\Task</Filter>
    </ClCompile>
    <ClCompile Include="src\TaskPatrol.cpp">
      <Filter>Script\Enemy\AI\Task</Filter>
    </ClCompile>
    <ClCompile Include="src\Script_Enemy.cpp">
      <Filter>Script\Enemy\Object</Filter>
    </ClCompile>
    <ClCompile Include="src\CheckAttackRange.cpp">
      <Filter>Script\Enemy\AI\Task</Filter>
    </ClCompile>
    <ClCompile Include="src\TaskMoveToTarget.cpp">
      <Filter>Script\Enemy\AI\Task</Filter>
    </ClCompile>
    <ClCompile Include="src\TaskAttack.cpp">
      <Filter>Script\Enemy\AI\Task</Filter>
    </ClCompile>
    <ClCompile Include="src\Script_EnemyManager.cpp">
      <Filter>Script\Manager</Filter>
    </ClCompile>
    <ClCompile Include="src\TaskPathPlanningToTarget.cpp">
      <Filter>Script\Enemy\AI\Task</Filter>
    </ClCompile>
    <ClCompile Include="src\TaskPathPlanningAStar.cpp">
      <Filter>Script\Enemy\AI\Task</Filter>
    </ClCompile>
    <ClCompile Include="src\CheckPatrolRange.cpp">
      <Filter>Script\Enemy\AI\Task</Filter>
    </ClCompile>
    <ClCompile Include="src\TaskPathPlanningToSpawn.cpp">
      <Filter>Script\Enemy\AI\Task</Filter>
    </ClCompile>
    <ClCompile Include="src\TaskMoveToPath.cpp">
      <Filter>Script\Enemy\AI\Task</Filter>
    </ClCompile>
    <ClCompile Include="src\Wait.cpp">
      <Filter>Script\Enemy\AI\Task</Filter>
    </ClCompile>
    <ClCompile Include="src\CheckDeath.cpp">
      <Filter>Script\Enemy\AI\Task</Filter>
    </ClCompile>
    <ClCompile Include="src\TaskGetHit.cpp">
      <Filter>Script\Enemy\AI\Task</Filter>
    </ClCompile>
    <ClCompile Include="src\Script_AimController.cpp">
      <Filter>Script\Player</Filter>
    </ClCompile>
    <ClCompile Include="src\Script_Weapon.cpp">
      <Filter>Script\Weapon</Filter>
    </ClCompile>
    <ClCompile Include="src\Script_Weapon_Pistol.cpp">
      <Filter>Script\Weapon</Filter>
    </ClCompile>
    <ClCompile Include="src\Script_Weapon_Rifle.cpp">
      <Filter>Script\Weapon</Filter>
    </ClCompile>
    <ClCompile Include="src\Script_Weapon_Shotgun.cpp">
      <Filter>Script\Weapon</Filter>
    </ClCompile>
    <ClCompile Include="src\Script_Weapon_Sniper.cpp">
      <Filter>Script\Weapon</Filter>
    </ClCompile>
    <ClCompile Include="src\Script_Weapon_MissileLauncher.cpp">
      <Filter>Script\Weapon</Filter>
    </ClCompile>
    <ClCompile Include="ClientNetwork\Contents\Script_Network.cpp">
      <Filter>ClientNetwork\NetworkScript</Filter>
    </ClCompile>
    <ClCompile Include="ClientNetwork\Contents\Script_PlayerNetwork.cpp">
      <Filter>ClientNetwork\NetworkScript</Filter>
    </ClCompile>
    <ClCompile Include="ClientNetwork\Contents\ClientNetworkManager.cpp">
      <Filter>ClientNetwork\Network</Filter>
    </ClCompile>
    <ClCompile Include="ClientNetwork\Contents\NetworkEvents.cpp">
      <Filter>ClientNetwork\Network</Filter>
    </ClCompile>
    <ClCompile Include="ClientNetwork\Contents\ServerSession.cpp">
      <Filter>ClientNetwork\Network</Filter>
    </ClCompile>
    <ClCompile Include="ClientNetwork\Contents\GamePlayer.cpp">
      <Filter>ClientNetwork\Contents</Filter>
    </ClCompile>
    <ClCompile Include="ClientNetwork\Contents\FBsPacketFactory.cpp">
      <Filter>ClientNetwork\Packet</Filter>
    </ClCompile>
    <ClCompile Include="ClientNetwork\Contents\Script_RemotePlayer.cpp">
      <Filter>ClientNetwork\NetworkScript</Filter>
    </ClCompile>
    <ClCompile Include="src\Script_Missile.cpp">
      <Filter>Script\Object</Filter>
    </ClCompile>
    <ClCompile Include="src\Script_Ursacetus.cpp">
      <Filter>Script\Enemy\Object</Filter>
    </ClCompile>
    <ClCompile Include="src\Script_AbilityHolder.cpp">
      <Filter>Script\Abilities</Filter>
    </ClCompile>
    <ClCompile Include="src\ShieldAbility.cpp">
      <Filter>Script\Abilities</Filter>
    </ClCompile>
    <ClCompile Include="src\IRDetectorAbility.cpp">
      <Filter>Script\Abilities</Filter>
    </ClCompile>
    <ClCompile Include="src\Script_Onyscidus.cpp">
      <Filter>Script\Enemy\Object</Filter>
    </ClCompile>
    <ClCompile Include="src\MinimapAbility.cpp">
      <Filter>Script\Abilities</Filter>
    </ClCompile>
    <ClCompile Include="src\Script_AdvancedCombatDroid_5.cpp">
      <Filter>Script\Enemy\Object</Filter>
    </ClCompile>
    <ClCompile Include="src\Script_PheroObject.cpp">
      <Filter>Script\Object</Filter>
    </ClCompile>
    <ClCompile Include="src\Script_Phero.cpp">
      <Filter>Script\Object</Filter>
    </ClCompile>
  </ItemGroup>
  <ItemGroup>
    <None Include="packages.config" />
    <None Include="..\Common\SimpleMath.inl">
      <Filter>Common</Filter>
    </None>
    <None Include="ClientNetwork\NetworkLib.bat">
      <Filter>ClientNetwork\bat</Filter>
    </None>
  </ItemGroup>
</Project>